
Microsoft Visual Studio Solution File, Format Version 12.00
# Visual Studio Version 17
VisualStudioVersion = 17.10.35122.118
MinimumVisualStudioVersion = 10.0.40219.1
Project("{FAE04EC0-301F-11D3-BF4B-00C04F79EFBC}") = "QuanLySinhVien", "QuanLySinhVien\QuanLySinhVien.csproj", "{BA1EC160-5098-4836-9F5B-FD6535D6047A}"
EndProject
Global
	GlobalSection(SolutionConfigurationPlatforms) = preSolution
		Debug|Any CPU = Debug|Any CPU
		Release|Any CPU = Release|Any CPU
	EndGlobalSection
	GlobalSection(ProjectConfigurationPlatforms) = postSolution
		{BA1EC160-5098-4836-9F5B-FD6535D6047A}.Debug|Any CPU.ActiveCfg = Debug|Any CPU
		{BA1EC160-5098-4836-9F5B-FD6535D6047A}.Debug|Any CPU.Build.0 = Debug|Any CPU
		{BA1EC160-5098-4836-9F5B-FD6535D6047A}.Release|Any CPU.ActiveCfg = Release|Any CPU
		{BA1EC160-5098-4836-9F5B-FD6535D6047A}.Release|Any CPU.Build.0 = Release|Any CPU
	EndGlobalSection
	GlobalSection(SolutionProperties) = preSolution
		HideSolutionNode = FALSE
	EndGlobalSection
	GlobalSection(ExtensibilityGlobals) = postSolution
		SolutionGuid = {5BD4D6F9-70F3-467B-A8DA-8B54188ABD96}
	EndGlobalSection
EndGlobal
